
Microsoft Visual Studio Solution File, Format Version 12.00
# Visual Studio Version 17
VisualStudioVersion = 17.14.36518.9 d17.14
MinimumVisualStudioVersion = 10.0.40219.1
Project("{FAE04EC0-301F-11D3-BF4B-00C04F79EFBC}") = "CarInsurance", "CarInsurance\CarInsurance.csproj", "{0E5E5A95-585E-433D-A3DE-EE75B8804026}"
EndProject
Global
	GlobalSection(SolutionConfigurationPlatforms) = preSolution
		Debug|Any CPU = Debug|Any CPU
		Release|Any CPU = Release|Any CPU
	EndGlobalSection
	GlobalSection(ProjectConfigurationPlatforms) = postSolution
		{0E5E5A95-585E-433D-A3DE-EE75B8804026}.Debug|Any CPU.ActiveCfg = Debug|Any CPU
		{0E5E5A95-585E-433D-A3DE-EE75B8804026}.Debug|Any CPU.Build.0 = Debug|Any CPU
		{0E5E5A95-585E-433D-A3DE-EE75B8804026}.Release|Any CPU.ActiveCfg = Release|Any CPU
		{0E5E5A95-585E-433D-A3DE-EE75B8804026}.Release|Any CPU.Build.0 = Release|Any CPU
	EndGlobalSection
	GlobalSection(SolutionProperties) = preSolution
		HideSolutionNode = FALSE
	EndGlobalSection
	GlobalSection(ExtensibilityGlobals) = postSolution
		SolutionGuid = {EAC5E805-2A48-4306-B350-116CED84AFD3}
	EndGlobalSection
EndGlobal
